
Microsoft Visual Studio Solution File, Format Version 12.00
# Visual Studio Version 16
VisualStudioVersion = 16.0.30011.22
MinimumVisualStudioVersion = 10.0.40219.1
Project("{FAE04EC0-301F-11D3-BF4B-00C04F79EFBC}") = "Core", "Core\Core.csproj", "{2926A945-8F94-44FA-920F-D4503861DDE2}"
EndProject
Project("{FAE04EC0-301F-11D3-BF4B-00C04F79EFBC}") = "Data", "Data\Data.csproj", "{CA8307D4-E29E-42D5-B82C-1DEE38135F1F}"
EndProject
Project("{FAE04EC0-301F-11D3-BF4B-00C04F79EFBC}") = "Service", "Service\Service.csproj", "{1C4AE962-337B-4C54-B6A3-6A5272A21355}"
EndProject
Project("{FAE04EC0-301F-11D3-BF4B-00C04F79EFBC}") = "API", "API\API.csproj", "{60E0C1B2-88CF-4EEB-841F-DE834F6F38B0}"
EndProject
Global
	GlobalSection(SolutionConfigurationPlatforms) = preSolution
		Debug|Any CPU = Debug|Any CPU
		Release|Any CPU = Release|Any CPU
	EndGlobalSection
	GlobalSection(ProjectConfigurationPlatforms) = postSolution
		{2926A945-8F94-44FA-920F-D4503861DDE2}.Debug|Any CPU.ActiveCfg = Debug|Any CPU
		{2926A945-8F94-44FA-920F-D4503861DDE2}.Debug|Any CPU.Build.0 = Debug|Any CPU
		{2926A945-8F94-44FA-920F-D4503861DDE2}.Release|Any CPU.ActiveCfg = Release|Any CPU
		{2926A945-8F94-44FA-920F-D4503861DDE2}.Release|Any CPU.Build.0 = Release|Any CPU
		{CA8307D4-E29E-42D5-B82C-1DEE38135F1F}.Debug|Any CPU.ActiveCfg = Debug|Any CPU
		{CA8307D4-E29E-42D5-B82C-1DEE38135F1F}.Debug|Any CPU.Build.0 = Debug|Any CPU
		{CA8307D4-E29E-42D5-B82C-1DEE38135F1F}.Release|Any CPU.ActiveCfg = Release|Any CPU
		{CA8307D4-E29E-42D5-B82C-1DEE38135F1F}.Release|Any CPU.Build.0 = Release|Any CPU
		{1C4AE962-337B-4C54-B6A3-6A5272A21355}.Debug|Any CPU.ActiveCfg = Debug|Any CPU
		{1C4AE962-337B-4C54-B6A3-6A5272A21355}.Debug|Any CPU.Build.0 = Debug|Any CPU
		{1C4AE962-337B-4C54-B6A3-6A5272A21355}.Release|Any CPU.ActiveCfg = Release|Any CPU
		{1C4AE962-337B-4C54-B6A3-6A5272A21355}.Release|Any CPU.Build.0 = Release|Any CPU
		{60E0C1B2-88CF-4EEB-841F-DE834F6F38B0}.Debug|Any CPU.ActiveCfg = Debug|Any CPU
		{60E0C1B2-88CF-4EEB-841F-DE834F6F38B0}.Debug|Any CPU.Build.0 = Debug|Any CPU
		{60E0C1B2-88CF-4EEB-841F-DE834F6F38B0}.Release|Any CPU.ActiveCfg = Release|Any CPU
		{60E0C1B2-88CF-4EEB-841F-DE834F6F38B0}.Release|Any CPU.Build.0 = Release|Any CPU
	EndGlobalSection
	GlobalSection(SolutionProperties) = preSolution
		HideSolutionNode = FALSE
	EndGlobalSection
	GlobalSection(ExtensibilityGlobals) = postSolution
		SolutionGuid = {0667E5AC-7DDE-46CF-B55D-5412743D4DFF}
	EndGlobalSection
EndGlobal
